// !$*UTF8*$!
{
	archiveVersion = 1;
	classes = {
	};
	objectVersion = 45;
	objects = {

/* Begin PBXFileReference section */
		5073E0C609E734A800EC74B6 /* beersoapProj.xcconfig */ = {isa = PBXFileReference; fileEncoding = 30; lastKnownFileType = text.xcconfig; path = beersoapProj.xcconfig; sourceTree = "<group>"; };
		5073E0C709E734A800EC74B6 /* beersoapTarget.xcconfig */ = {isa = PBXFileReference; fileEncoding = 30; lastKnownFileType = text.xcconfig; path = beersoapTarget.xcconfig; sourceTree = "<group>"; };
		C22ACDEA0EE7FE4700A70894 /* CurlInterface.h */ = {isa = PBXFileReference; fileEncoding = 4; lastKnownFileType = sourcecode.c.h; path = CurlInterface.h; sourceTree = "<group>"; };
		C22ACDF20EE7FEF200A70894 /* CurlInterface.cpp */ = {isa = PBXFileReference; fileEncoding = 4; lastKnownFileType = sourcecode.cpp.cpp; path = CurlInterface.cpp; sourceTree = "<group>"; };
		C22ACDF70EE803AB00A70894 /* Makefile.mac */ = {isa = PBXFileReference; fileEncoding = 4; lastKnownFileType = text; path = Makefile.mac; sourceTree = "<group>"; };
		C22ACE1F0EE83D8200A70894 /* test.h */ = {isa = PBXFileReference; fileEncoding = 4; lastKnownFileType = sourcecode.c.h; path = test.h; sourceTree = "<group>"; };
		C22ACE200EE83D8200A70894 /* test.cpp */ = {isa = PBXFileReference; fileEncoding = 4; lastKnownFileType = sourcecode.cpp.cpp; path = test.cpp; sourceTree = "<group>"; };
		C22ACEBE0EE8513600A70894 /* BeerSoap.h */ = {isa = PBXFileReference; fileEncoding = 4; lastKnownFileType = sourcecode.c.h; path = BeerSoap.h; sourceTree = "<group>"; };
		C22ACEBF0EE8513600A70894 /* BeerSoap.cpp */ = {isa = PBXFileReference; fileEncoding = 4; lastKnownFileType = sourcecode.cpp.cpp; path = BeerSoap.cpp; sourceTree = "<group>"; };
		C22ACEC10EE8521500A70894 /* BeerSoapServiceMethod.h */ = {isa = PBXFileReference; fileEncoding = 4; lastKnownFileType = sourcecode.c.h; path = BeerSoapServiceMethod.h; sourceTree = "<group>"; };
		C22ACEC20EE8521500A70894 /* BeerSoapServiceMethod.cpp */ = {isa = PBXFileReference; fileEncoding = 4; lastKnownFileType = sourcecode.cpp.cpp; path = BeerSoapServiceMethod.cpp; sourceTree = "<group>"; };
		C22ACF160EE85AAA00A70894 /* BeerSoapProtocol.h */ = {isa = PBXFileReference; fileEncoding = 4; lastKnownFileType = sourcecode.c.h; path = BeerSoapProtocol.h; sourceTree = "<group>"; };
		C290177310C71A6400CF203A /* libpdom.dylib */ = {isa = PBXFileReference; lastKnownFileType = "compiled.mach-o.dylib"; name = libpdom.dylib; path = /Users/pcontezini/devel/pdom/libpdom.dylib; sourceTree = "<absolute>"; };
/* End PBXFileReference section */

/* Begin PBXGroup section */
		034768DDFF38A45A11DB9C8B /* Products */ = {
			isa = PBXGroup;
			children = (
			);
			name = Products;
			sourceTree = "<group>";
		};
		0867D691FE84028FC02AAC07 /* beersoap */ = {
			isa = PBXGroup;
			children = (
				C22ACE1E0EE83D7300A70894 /* Tester */,
				5073E0CA09E734BC00EC74B6 /* Configuration Files */,
				08FB77ACFE841707C02AAC07 /* Source */,
				0867D69AFE84028FC02AAC07 /* External Frameworks and Libraries */,
				034768DDFF38A45A11DB9C8B /* Products */,
			);
			name = beersoap;
			sourceTree = "<group>";
		};
		0867D69AFE84028FC02AAC07 /* External Frameworks and Libraries */ = {
			isa = PBXGroup;
			children = (
				C290177310C71A6400CF203A /* libpdom.dylib */,
			);
			name = "External Frameworks and Libraries";
			sourceTree = "<group>";
		};
		08FB77ACFE841707C02AAC07 /* Source */ = {
			isa = PBXGroup;
			children = (
				C22ACDEA0EE7FE4700A70894 /* CurlInterface.h */,
				C22ACDF20EE7FEF200A70894 /* CurlInterface.cpp */,
				C22ACEBE0EE8513600A70894 /* BeerSoap.h */,
				C22ACEBF0EE8513600A70894 /* BeerSoap.cpp */,
				C22ACEC10EE8521500A70894 /* BeerSoapServiceMethod.h */,
				C22ACEC20EE8521500A70894 /* BeerSoapServiceMethod.cpp */,
				C22ACF160EE85AAA00A70894 /* BeerSoapProtocol.h */,
			);
			name = Source;
			sourceTree = "<group>";
		};
		5073E0CA09E734BC00EC74B6 /* Configuration Files */ = {
			isa = PBXGroup;
			children = (
				C22ACDF70EE803AB00A70894 /* Makefile.mac */,
				5073E0C609E734A800EC74B6 /* beersoapProj.xcconfig */,
				5073E0C709E734A800EC74B6 /* beersoapTarget.xcconfig */,
			);
			name = "Configuration Files";
			sourceTree = "<group>";
		};
		C22ACE1E0EE83D7300A70894 /* Tester */ = {
			isa = PBXGroup;
			children = (
				C22ACE1F0EE83D8200A70894 /* test.h */,
				C22ACE200EE83D8200A70894 /* test.cpp */,
			);
			name = Tester;
			sourceTree = "<group>";
		};
/* End PBXGroup section */

/* Begin PBXLegacyTarget section */
		C2CAB6A20EE7F2480072A916 /* Make */ = {
			isa = PBXLegacyTarget;
			buildArgumentsString = "$(ACTION)";
			buildConfigurationList = C2CAB6C00EE7F24B0072A916 /* Build configuration list for PBXLegacyTarget "Make" */;
			buildPhases = (
			);
			buildToolPath = /usr/bin/make;
			buildWorkingDirectory = /Users/pcontezini/devel/beersoap;
			dependencies = (
			);
			name = Make;
			passBuildSettingsInEnvironment = 1;
			productName = Make;
		};
/* End PBXLegacyTarget section */

/* Begin PBXProject section */
		0867D690FE84028FC02AAC07 /* Project object */ = {
			isa = PBXProject;
			buildConfigurationList = 1DEB916408733D950010E9CD /* Build configuration list for PBXProject "beersoap" */;
			compatibilityVersion = "Xcode 3.1";
			hasScannedForEncodings = 1;
			mainGroup = 0867D691FE84028FC02AAC07 /* beersoap */;
			productRefGroup = 034768DDFF38A45A11DB9C8B /* Products */;
			projectDirPath = "";
			projectRoot = "";
			targets = (
				C2CAB6A20EE7F2480072A916 /* Make */,
			);
		};
/* End PBXProject section */

/* Begin XCBuildConfiguration section */
		1DEB916508733D950010E9CD /* Debug */ = {
			isa = XCBuildConfiguration;
			baseConfigurationReference = 5073E0C609E734A800EC74B6 /* beersoapProj.xcconfig */;
			buildSettings = {
				ARCHS = "$(ARCHS_STANDARD_32_BIT)";
				GCC_C_LANGUAGE_STANDARD = c99;
				GCC_OPTIMIZATION_LEVEL = 0;
				GCC_WARN_ABOUT_RETURN_TYPE = YES;
				GCC_WARN_UNUSED_VARIABLE = YES;
				ONLY_ACTIVE_ARCH = YES;
				PREBINDING = NO;
				SDKROOT = macosx10.5;
			};
			name = Debug;
		};
		1DEB916608733D950010E9CD /* Release */ = {
			isa = XCBuildConfiguration;
			baseConfigurationReference = 5073E0C609E734A800EC74B6 /* beersoapProj.xcconfig */;
			buildSettings = {
				ARCHS = "$(ARCHS_STANDARD_32_BIT)";
				GCC_C_LANGUAGE_STANDARD = c99;
				GCC_WARN_ABOUT_RETURN_TYPE = YES;
				GCC_WARN_UNUSED_VARIABLE = YES;
				PREBINDING = NO;
				SDKROOT = macosx10.5;
			};
			name = Release;
		};
		C2CAB6A30EE7F2480072A916 /* Debug */ = {
			isa = XCBuildConfiguration;
			buildSettings = {
				COPY_PHASE_STRIP = NO;
				GCC_DYNAMIC_NO_PIC = NO;
				GCC_OPTIMIZATION_LEVEL = 0;
				PRODUCT_NAME = Make;
			};
			name = Debug;
		};
		C2CAB6A40EE7F2480072A916 /* Release */ = {
			isa = XCBuildConfiguration;
			buildSettings = {
				COPY_PHASE_STRIP = YES;
				DEBUG_INFORMATION_FORMAT = "dwarf-with-dsym";
				GCC_ENABLE_FIX_AND_CONTINUE = NO;
				PRODUCT_NAME = Make;
				ZERO_LINK = NO;
			};
			name = Release;
		};
/* End XCBuildConfiguration section */

/* Begin XCConfigurationList section */
		1DEB916408733D950010E9CD /* Build configuration list for PBXProject "beersoap" */ = {
			isa = XCConfigurationList;
			buildConfigurations = (
				1DEB916508733D950010E9CD /* Debug */,
				1DEB916608733D950010E9CD /* Release */,
			);
			defaultConfigurationIsVisible = 0;
			defaultConfigurationName = Release;
		};
		C2CAB6C00EE7F24B0072A916 /* Build configuration list for PBXLegacyTarget "Make" */ = {
			isa = XCConfigurationList;
			buildConfigurations = (
				C2CAB6A30EE7F2480072A916 /* Debug */,
				C2CAB6A40EE7F2480072A916 /* Release */,
			);
			defaultConfigurationIsVisible = 0;
			defaultConfigurationName = Release;
		};
/* End XCConfigurationList section */
	};
	rootObject = 0867D690FE84028FC02AAC07 /* Project object */;
}
